
Microsoft Visual Studio Solution File, Format Version 12.00
# Visual Studio Version 17
VisualStudioVersion = 17.0.32014.148
MinimumVisualStudioVersion = 10.0.40219.1
Project("{9A19103F-16F7-4668-BE54-9A1E7A4F7556}") = "SoftwareCraft.Either", "SoftwareCraft.Either\SoftwareCraft.Either.csproj", "{86A273B0-7290-4CE1-8ABC-1A85E11F8D3D}"
EndProject
Global
	GlobalSection(SolutionConfigurationPlatforms) = preSolution
		Debug|Any CPU = Debug|Any CPU
		Release|Any CPU = Release|Any CPU
	EndGlobalSection
	GlobalSection(ProjectConfigurationPlatforms) = postSolution
		{86A273B0-7290-4CE1-8ABC-1A85E11F8D3D}.Debug|Any CPU.ActiveCfg = Debug|Any CPU
		{86A273B0-7290-4CE1-8ABC-1A85E11F8D3D}.Debug|Any CPU.Build.0 = Debug|Any CPU
		{86A273B0-7290-4CE1-8ABC-1A85E11F8D3D}.Release|Any CPU.ActiveCfg = Release|Any CPU
		{86A273B0-7290-4CE1-8ABC-1A85E11F8D3D}.Release|Any CPU.Build.0 = Release|Any CPU
	EndGlobalSection
	GlobalSection(SolutionProperties) = preSolution
		HideSolutionNode = FALSE
	EndGlobalSection
	GlobalSection(ExtensibilityGlobals) = postSolution
		SolutionGuid = {FD0ECDA6-B302-4D67-8FD2-68A90D7E14E3}
	EndGlobalSection
	GlobalSection(NDepend) = preSolution
		Project = ".\SoftwareCraft.Either1.ndproj"
	EndGlobalSection
EndGlobal
