
Microsoft Visual Studio Solution File, Format Version 12.00
# Visual Studio 15
VisualStudioVersion = 15.0.28307.329
MinimumVisualStudioVersion = 10.0.40219.1
Project("{FAE04EC0-301F-11D3-BF4B-00C04F79EFBC}") = "SoftwareCraft.Either", "SoftwareCraft.Either\SoftwareCraft.Either.csproj", "{86A273B0-7290-4CE1-8ABC-1A85E11F8D3D}"
EndProject
Global
	GlobalSection(SolutionConfigurationPlatforms) = preSolution
		Debug|Any CPU = Debug|Any CPU
		Release|Any CPU = Release|Any CPU
	EndGlobalSection
	GlobalSection(ProjectConfigurationPlatforms) = postSolution
		{86A273B0-7290-4CE1-8ABC-1A85E11F8D3D}.Debug|Any CPU.ActiveCfg = Debug|Any CPU
		{86A273B0-7290-4CE1-8ABC-1A85E11F8D3D}.Debug|Any CPU.Build.0 = Debug|Any CPU
		{86A273B0-7290-4CE1-8ABC-1A85E11F8D3D}.Release|Any CPU.ActiveCfg = Release|Any CPU
		{86A273B0-7290-4CE1-8ABC-1A85E11F8D3D}.Release|Any CPU.Build.0 = Release|Any CPU
	EndGlobalSection
	GlobalSection(SolutionProperties) = preSolution
		HideSolutionNode = FALSE
	EndGlobalSection
	GlobalSection(ExtensibilityGlobals) = postSolution
		SolutionGuid = {FD0ECDA6-B302-4D67-8FD2-68A90D7E14E3}
	EndGlobalSection
EndGlobal
